
Microsoft Visual Studio Solution File, Format Version 12.00
# Visual Studio Version 17
VisualStudioVersion = 17.9.34714.143
MinimumVisualStudioVersion = 10.0.40219.1
Project("{9A19103F-16F7-4668-BE54-9A1E7A4F7556}") = "LINQ.Shared", "LINQ.Shared\LINQ.Shared.csproj", "{5023A334-7F28-4134-8702-5F80936E9809}"
EndProject
Project("{9A19103F-16F7-4668-BE54-9A1E7A4F7556}") = "Select", "Select\Select.csproj", "{371C0075-84F3-4130-BE09-B4F308C51F78}"
EndProject
Project("{9A19103F-16F7-4668-BE54-9A1E7A4F7556}") = "SelectMany", "SelectMany\SelectMany.csproj", "{1477BC05-1702-4CD7-A880-9779F0C29CBA}"
EndProject
Project("{9A19103F-16F7-4668-BE54-9A1E7A4F7556}") = "Zip", "Zip\Zip.csproj", "{0804AA4F-71B2-40E6-870A-030E5A08A59B}"
EndProject
Project("{9A19103F-16F7-4668-BE54-9A1E7A4F7556}") = "OrderBy", "OrderBy\OrderBy.csproj", "{2640333C-26D4-4473-B3F5-7F38556331A5}"
EndProject
Project("{9A19103F-16F7-4668-BE54-9A1E7A4F7556}") = "ThenBy", "ThenBy\ThenBy.csproj", "{B0F3CB2F-B85F-4EA4-80C3-3E03BBE206EF}"
EndProject
Project("{9A19103F-16F7-4668-BE54-9A1E7A4F7556}") = "OrderBy.Comparer", "OrderBy.Comparer\OrderBy.Comparer.csproj", "{3266F579-0A22-4021-9D88-02AD7EEEB90E}"
EndProject
Project("{9A19103F-16F7-4668-BE54-9A1E7A4F7556}") = "Reverse", "Reverse\Reverse.csproj", "{B850DBFE-3D22-450D-8BDC-A0B1AC180650}"
EndProject
Project("{9A19103F-16F7-4668-BE54-9A1E7A4F7556}") = "Skip", "Skip\Skip.csproj", "{3BBDA316-0D04-493C-9866-55D487433BAB}"
EndProject
Project("{9A19103F-16F7-4668-BE54-9A1E7A4F7556}") = "Take", "Take\Take.csproj", "{CAEBE68A-9CAD-4417-9C26-E6424152D87E}"
EndProject
Project("{9A19103F-16F7-4668-BE54-9A1E7A4F7556}") = "Chunck", "Chunck\Chunck.csproj", "{64DC0107-5505-40B8-B21D-8FA7DB55C50D}"
EndProject
Project("{9A19103F-16F7-4668-BE54-9A1E7A4F7556}") = "Pagination", "Pagination\Pagination.csproj", "{37E9A4A4-5C48-44F6-BE53-001635792F5B}"
EndProject
Project("{9A19103F-16F7-4668-BE54-9A1E7A4F7556}") = "Quantifiers", "Quantifiers\Quantifiers.csproj", "{0206B4A2-7C21-4BE5-BAC9-95815C070EFA}"
EndProject
Project("{9A19103F-16F7-4668-BE54-9A1E7A4F7556}") = "GroupingData", "GroupingData\GroupingData.csproj", "{E651B793-DFD1-44F0-B9E8-C94260D7D575}"
EndProject
Project("{9A19103F-16F7-4668-BE54-9A1E7A4F7556}") = "JoinOperations", "JoinOperations\JoinOperations.csproj", "{1306BAA7-57D1-4DA8-8873-38D5B6632370}"
EndProject
Project("{9A19103F-16F7-4668-BE54-9A1E7A4F7556}") = "Empty", "Empty\Empty.csproj", "{C8CB1751-4C63-499D-924B-383A130DCFB9}"
EndProject
Project("{9A19103F-16F7-4668-BE54-9A1E7A4F7556}") = "DefaultIfEmpty", "DefaultIfEmpty\DefaultIfEmpty.csproj", "{DCD7D934-5526-4EB8-AC06-9F8FF7B2D118}"
EndProject
Project("{9A19103F-16F7-4668-BE54-9A1E7A4F7556}") = "Range", "Range\Range.csproj", "{6C9AEA2C-EC72-4DA4-A82A-63DE3A563A8E}"
EndProject
Project("{9A19103F-16F7-4668-BE54-9A1E7A4F7556}") = "Repeat", "Repeat\Repeat.csproj", "{5E601C4B-823B-4C45-BE66-191017E1CC22}"
EndProject
Project("{9A19103F-16F7-4668-BE54-9A1E7A4F7556}") = "ElementAt", "ElementAt\ElementAt.csproj", "{882D3929-6E96-4E52-853C-3F3850C1BCD5}"
EndProject
Project("{9A19103F-16F7-4668-BE54-9A1E7A4F7556}") = "First", "First\First.csproj", "{C75F8606-193D-4FF1-B4E7-31A8803DA2BC}"
EndProject
Project("{9A19103F-16F7-4668-BE54-9A1E7A4F7556}") = "Last", "Last\Last.csproj", "{EDF3A425-E0A9-4D20-A0E1-A7EE06A92FC8}"
EndProject
Project("{9A19103F-16F7-4668-BE54-9A1E7A4F7556}") = "Single", "Single\Single.csproj", "{25BDCABE-D44A-4EFF-AE6B-870697710D43}"
EndProject
Project("{9A19103F-16F7-4668-BE54-9A1E7A4F7556}") = "Equality", "Equality\Equality.csproj", "{CA744782-585A-4A0D-90CC-212CFA65527B}"
EndProject
Project("{9A19103F-16F7-4668-BE54-9A1E7A4F7556}") = "Concatenation", "Concatenation\Concatenation.csproj", "{E961A31F-D249-4C63-8731-C2540EF3C9D0}"
EndProject
Project("{9A19103F-16F7-4668-BE54-9A1E7A4F7556}") = "Aggregate", "Aggregate\Aggregate.csproj", "{F6FC45F1-0AB7-4EDF-9F47-23ECCA59D55E}"
EndProject
Project("{9A19103F-16F7-4668-BE54-9A1E7A4F7556}") = "StandardAggregateOperations", "StandardAggregateOperations\StandardAggregateOperations.csproj", "{FD97D2E7-AA24-4B03-8874-F1883B438E84}"
EndProject
Project("{9A19103F-16F7-4668-BE54-9A1E7A4F7556}") = "Distinct", "Distinct\Distinct.csproj", "{393CF223-D4D7-47A2-BD8D-3154C6DE4FA4}"
EndProject
Project("{9A19103F-16F7-4668-BE54-9A1E7A4F7556}") = "Except", "Except\Except.csproj", "{0A633962-2F4F-4F0F-82CA-A3620D115BCE}"
EndProject
Project("{9A19103F-16F7-4668-BE54-9A1E7A4F7556}") = "Intersect", "Intersect\Intersect.csproj", "{276331B8-2757-40D2-9742-C170516D6762}"
EndProject
Project("{9A19103F-16F7-4668-BE54-9A1E7A4F7556}") = "Union", "Union\Union.csproj", "{612209D8-F1A3-4419-A92A-6DCA7D3F5396}"
EndProject
Project("{9A19103F-16F7-4668-BE54-9A1E7A4F7556}") = "ExpressionTrees", "ExpressionTrees\ExpressionTrees.csproj", "{01569EBE-CE25-4396-9874-2DBDFE9CD409}"
EndProject
Project("{9A19103F-16F7-4668-BE54-9A1E7A4F7556}") = "AsEnumerable", "AsEnumerable\AsEnumerable.csproj", "{6636C621-D67E-49BE-BE04-24DFE371C67C}"
EndProject
Project("{9A19103F-16F7-4668-BE54-9A1E7A4F7556}") = "AsQueryable", "AsQueryable\AsQueryable.csproj", "{3479C556-BE81-46B1-8E86-582005DE52A6}"
EndProject
Project("{9A19103F-16F7-4668-BE54-9A1E7A4F7556}") = "Cast", "Cast\Cast.csproj", "{32085D98-ED25-49E4-B3C6-A292F21C3FC0}"
EndProject
Project("{9A19103F-16F7-4668-BE54-9A1E7A4F7556}") = "OfType", "OfType\OfType.csproj", "{3319A221-27D6-4596-9AFA-AFACD0FF1D25}"
EndProject
Project("{9A19103F-16F7-4668-BE54-9A1E7A4F7556}") = "ToArray", "ToArray\ToArray.csproj", "{E73A2DA5-D9D3-423B-92D7-DCBCCFF4E3CA}"
EndProject
Project("{9A19103F-16F7-4668-BE54-9A1E7A4F7556}") = "ToList", "ToList\ToList.csproj", "{558D1FAC-1B39-4C62-B000-1F8F96ED8953}"
EndProject
Project("{9A19103F-16F7-4668-BE54-9A1E7A4F7556}") = "ToDictionary", "ToDictionary\ToDictionary.csproj", "{FD1CB92D-A94B-4A76-B7B0-F13D294E0F7B}"
EndProject
Project("{9A19103F-16F7-4668-BE54-9A1E7A4F7556}") = "ToLookup", "ToLookup\ToLookup.csproj", "{62716A00-12F5-4202-A9CA-E8EA187A985A}"
EndProject
Project("{FAE04EC0-301F-11D3-BF4B-00C04F79EFBC}") = "CustomLINQMethod", "CustomLINQMethod\CustomLINQMethod.csproj", "{57E1325E-CD0D-4E4F-A5F6-2D3EE816AB10}"
EndProject
Global
	GlobalSection(SolutionConfigurationPlatforms) = preSolution
		Debug|Any CPU = Debug|Any CPU
		Release|Any CPU = Release|Any CPU
	EndGlobalSection
	GlobalSection(ProjectConfigurationPlatforms) = postSolution
		{5023A334-7F28-4134-8702-5F80936E9809}.Debug|Any CPU.ActiveCfg = Debug|Any CPU
		{5023A334-7F28-4134-8702-5F80936E9809}.Debug|Any CPU.Build.0 = Debug|Any CPU
		{5023A334-7F28-4134-8702-5F80936E9809}.Release|Any CPU.ActiveCfg = Release|Any CPU
		{5023A334-7F28-4134-8702-5F80936E9809}.Release|Any CPU.Build.0 = Release|Any CPU
		{371C0075-84F3-4130-BE09-B4F308C51F78}.Debug|Any CPU.ActiveCfg = Debug|Any CPU
		{371C0075-84F3-4130-BE09-B4F308C51F78}.Debug|Any CPU.Build.0 = Debug|Any CPU
		{371C0075-84F3-4130-BE09-B4F308C51F78}.Release|Any CPU.ActiveCfg = Release|Any CPU
		{371C0075-84F3-4130-BE09-B4F308C51F78}.Release|Any CPU.Build.0 = Release|Any CPU
		{1477BC05-1702-4CD7-A880-9779F0C29CBA}.Debug|Any CPU.ActiveCfg = Debug|Any CPU
		{1477BC05-1702-4CD7-A880-9779F0C29CBA}.Debug|Any CPU.Build.0 = Debug|Any CPU
		{1477BC05-1702-4CD7-A880-9779F0C29CBA}.Release|Any CPU.ActiveCfg = Release|Any CPU
		{1477BC05-1702-4CD7-A880-9779F0C29CBA}.Release|Any CPU.Build.0 = Release|Any CPU
		{0804AA4F-71B2-40E6-870A-030E5A08A59B}.Debug|Any CPU.ActiveCfg = Debug|Any CPU
		{0804AA4F-71B2-40E6-870A-030E5A08A59B}.Debug|Any CPU.Build.0 = Debug|Any CPU
		{0804AA4F-71B2-40E6-870A-030E5A08A59B}.Release|Any CPU.ActiveCfg = Release|Any CPU
		{0804AA4F-71B2-40E6-870A-030E5A08A59B}.Release|Any CPU.Build.0 = Release|Any CPU
		{2640333C-26D4-4473-B3F5-7F38556331A5}.Debug|Any CPU.ActiveCfg = Debug|Any CPU
		{2640333C-26D4-4473-B3F5-7F38556331A5}.Debug|Any CPU.Build.0 = Debug|Any CPU
		{2640333C-26D4-4473-B3F5-7F38556331A5}.Release|Any CPU.ActiveCfg = Release|Any CPU
		{2640333C-26D4-4473-B3F5-7F38556331A5}.Release|Any CPU.Build.0 = Release|Any CPU
		{B0F3CB2F-B85F-4EA4-80C3-3E03BBE206EF}.Debug|Any CPU.ActiveCfg = Debug|Any CPU
		{B0F3CB2F-B85F-4EA4-80C3-3E03BBE206EF}.Debug|Any CPU.Build.0 = Debug|Any CPU
		{B0F3CB2F-B85F-4EA4-80C3-3E03BBE206EF}.Release|Any CPU.ActiveCfg = Release|Any CPU
		{B0F3CB2F-B85F-4EA4-80C3-3E03BBE206EF}.Release|Any CPU.Build.0 = Release|Any CPU
		{3266F579-0A22-4021-9D88-02AD7EEEB90E}.Debug|Any CPU.ActiveCfg = Debug|Any CPU
		{3266F579-0A22-4021-9D88-02AD7EEEB90E}.Debug|Any CPU.Build.0 = Debug|Any CPU
		{3266F579-0A22-4021-9D88-02AD7EEEB90E}.Release|Any CPU.ActiveCfg = Release|Any CPU
		{3266F579-0A22-4021-9D88-02AD7EEEB90E}.Release|Any CPU.Build.0 = Release|Any CPU
		{B850DBFE-3D22-450D-8BDC-A0B1AC180650}.Debug|Any CPU.ActiveCfg = Debug|Any CPU
		{B850DBFE-3D22-450D-8BDC-A0B1AC180650}.Debug|Any CPU.Build.0 = Debug|Any CPU
		{B850DBFE-3D22-450D-8BDC-A0B1AC180650}.Release|Any CPU.ActiveCfg = Release|Any CPU
		{B850DBFE-3D22-450D-8BDC-A0B1AC180650}.Release|Any CPU.Build.0 = Release|Any CPU
		{3BBDA316-0D04-493C-9866-55D487433BAB}.Debug|Any CPU.ActiveCfg = Debug|Any CPU
		{3BBDA316-0D04-493C-9866-55D487433BAB}.Debug|Any CPU.Build.0 = Debug|Any CPU
		{3BBDA316-0D04-493C-9866-55D487433BAB}.Release|Any CPU.ActiveCfg = Release|Any CPU
		{3BBDA316-0D04-493C-9866-55D487433BAB}.Release|Any CPU.Build.0 = Release|Any CPU
		{CAEBE68A-9CAD-4417-9C26-E6424152D87E}.Debug|Any CPU.ActiveCfg = Debug|Any CPU
		{CAEBE68A-9CAD-4417-9C26-E6424152D87E}.Debug|Any CPU.Build.0 = Debug|Any CPU
		{CAEBE68A-9CAD-4417-9C26-E6424152D87E}.Release|Any CPU.ActiveCfg = Release|Any CPU
		{CAEBE68A-9CAD-4417-9C26-E6424152D87E}.Release|Any CPU.Build.0 = Release|Any CPU
		{64DC0107-5505-40B8-B21D-8FA7DB55C50D}.Debug|Any CPU.ActiveCfg = Debug|Any CPU
		{64DC0107-5505-40B8-B21D-8FA7DB55C50D}.Debug|Any CPU.Build.0 = Debug|Any CPU
		{64DC0107-5505-40B8-B21D-8FA7DB55C50D}.Release|Any CPU.ActiveCfg = Release|Any CPU
		{64DC0107-5505-40B8-B21D-8FA7DB55C50D}.Release|Any CPU.Build.0 = Release|Any CPU
		{37E9A4A4-5C48-44F6-BE53-001635792F5B}.Debug|Any CPU.ActiveCfg = Debug|Any CPU
		{37E9A4A4-5C48-44F6-BE53-001635792F5B}.Debug|Any CPU.Build.0 = Debug|Any CPU
		{37E9A4A4-5C48-44F6-BE53-001635792F5B}.Release|Any CPU.ActiveCfg = Release|Any CPU
		{37E9A4A4-5C48-44F6-BE53-001635792F5B}.Release|Any CPU.Build.0 = Release|Any CPU
		{0206B4A2-7C21-4BE5-BAC9-95815C070EFA}.Debug|Any CPU.ActiveCfg = Debug|Any CPU
		{0206B4A2-7C21-4BE5-BAC9-95815C070EFA}.Debug|Any CPU.Build.0 = Debug|Any CPU
		{0206B4A2-7C21-4BE5-BAC9-95815C070EFA}.Release|Any CPU.ActiveCfg = Release|Any CPU
		{0206B4A2-7C21-4BE5-BAC9-95815C070EFA}.Release|Any CPU.Build.0 = Release|Any CPU
		{E651B793-DFD1-44F0-B9E8-C94260D7D575}.Debug|Any CPU.ActiveCfg = Debug|Any CPU
		{E651B793-DFD1-44F0-B9E8-C94260D7D575}.Debug|Any CPU.Build.0 = Debug|Any CPU
		{E651B793-DFD1-44F0-B9E8-C94260D7D575}.Release|Any CPU.ActiveCfg = Release|Any CPU
		{E651B793-DFD1-44F0-B9E8-C94260D7D575}.Release|Any CPU.Build.0 = Release|Any CPU
		{1306BAA7-57D1-4DA8-8873-38D5B6632370}.Debug|Any CPU.ActiveCfg = Debug|Any CPU
		{1306BAA7-57D1-4DA8-8873-38D5B6632370}.Debug|Any CPU.Build.0 = Debug|Any CPU
		{1306BAA7-57D1-4DA8-8873-38D5B6632370}.Release|Any CPU.ActiveCfg = Release|Any CPU
		{1306BAA7-57D1-4DA8-8873-38D5B6632370}.Release|Any CPU.Build.0 = Release|Any CPU
		{C8CB1751-4C63-499D-924B-383A130DCFB9}.Debug|Any CPU.ActiveCfg = Debug|Any CPU
		{C8CB1751-4C63-499D-924B-383A130DCFB9}.Debug|Any CPU.Build.0 = Debug|Any CPU
		{C8CB1751-4C63-499D-924B-383A130DCFB9}.Release|Any CPU.ActiveCfg = Release|Any CPU
		{C8CB1751-4C63-499D-924B-383A130DCFB9}.Release|Any CPU.Build.0 = Release|Any CPU
		{DCD7D934-5526-4EB8-AC06-9F8FF7B2D118}.Debug|Any CPU.ActiveCfg = Debug|Any CPU
		{DCD7D934-5526-4EB8-AC06-9F8FF7B2D118}.Debug|Any CPU.Build.0 = Debug|Any CPU
		{DCD7D934-5526-4EB8-AC06-9F8FF7B2D118}.Release|Any CPU.ActiveCfg = Release|Any CPU
		{DCD7D934-5526-4EB8-AC06-9F8FF7B2D118}.Release|Any CPU.Build.0 = Release|Any CPU
		{6C9AEA2C-EC72-4DA4-A82A-63DE3A563A8E}.Debug|Any CPU.ActiveCfg = Debug|Any CPU
		{6C9AEA2C-EC72-4DA4-A82A-63DE3A563A8E}.Debug|Any CPU.Build.0 = Debug|Any CPU
		{6C9AEA2C-EC72-4DA4-A82A-63DE3A563A8E}.Release|Any CPU.ActiveCfg = Release|Any CPU
		{6C9AEA2C-EC72-4DA4-A82A-63DE3A563A8E}.Release|Any CPU.Build.0 = Release|Any CPU
		{5E601C4B-823B-4C45-BE66-191017E1CC22}.Debug|Any CPU.ActiveCfg = Debug|Any CPU
		{5E601C4B-823B-4C45-BE66-191017E1CC22}.Debug|Any CPU.Build.0 = Debug|Any CPU
		{5E601C4B-823B-4C45-BE66-191017E1CC22}.Release|Any CPU.ActiveCfg = Release|Any CPU
		{5E601C4B-823B-4C45-BE66-191017E1CC22}.Release|Any CPU.Build.0 = Release|Any CPU
		{882D3929-6E96-4E52-853C-3F3850C1BCD5}.Debug|Any CPU.ActiveCfg = Debug|Any CPU
		{882D3929-6E96-4E52-853C-3F3850C1BCD5}.Debug|Any CPU.Build.0 = Debug|Any CPU
		{882D3929-6E96-4E52-853C-3F3850C1BCD5}.Release|Any CPU.ActiveCfg = Release|Any CPU
		{882D3929-6E96-4E52-853C-3F3850C1BCD5}.Release|Any CPU.Build.0 = Release|Any CPU
		{C75F8606-193D-4FF1-B4E7-31A8803DA2BC}.Debug|Any CPU.ActiveCfg = Debug|Any CPU
		{C75F8606-193D-4FF1-B4E7-31A8803DA2BC}.Debug|Any CPU.Build.0 = Debug|Any CPU
		{C75F8606-193D-4FF1-B4E7-31A8803DA2BC}.Release|Any CPU.ActiveCfg = Release|Any CPU
		{C75F8606-193D-4FF1-B4E7-31A8803DA2BC}.Release|Any CPU.Build.0 = Release|Any CPU
		{EDF3A425-E0A9-4D20-A0E1-A7EE06A92FC8}.Debug|Any CPU.ActiveCfg = Debug|Any CPU
		{EDF3A425-E0A9-4D20-A0E1-A7EE06A92FC8}.Debug|Any CPU.Build.0 = Debug|Any CPU
		{EDF3A425-E0A9-4D20-A0E1-A7EE06A92FC8}.Release|Any CPU.ActiveCfg = Release|Any CPU
		{EDF3A425-E0A9-4D20-A0E1-A7EE06A92FC8}.Release|Any CPU.Build.0 = Release|Any CPU
		{25BDCABE-D44A-4EFF-AE6B-870697710D43}.Debug|Any CPU.ActiveCfg = Debug|Any CPU
		{25BDCABE-D44A-4EFF-AE6B-870697710D43}.Debug|Any CPU.Build.0 = Debug|Any CPU
		{25BDCABE-D44A-4EFF-AE6B-870697710D43}.Release|Any CPU.ActiveCfg = Release|Any CPU
		{25BDCABE-D44A-4EFF-AE6B-870697710D43}.Release|Any CPU.Build.0 = Release|Any CPU
		{CA744782-585A-4A0D-90CC-212CFA65527B}.Debug|Any CPU.ActiveCfg = Debug|Any CPU
		{CA744782-585A-4A0D-90CC-212CFA65527B}.Debug|Any CPU.Build.0 = Debug|Any CPU
		{CA744782-585A-4A0D-90CC-212CFA65527B}.Release|Any CPU.ActiveCfg = Release|Any CPU
		{CA744782-585A-4A0D-90CC-212CFA65527B}.Release|Any CPU.Build.0 = Release|Any CPU
		{E961A31F-D249-4C63-8731-C2540EF3C9D0}.Debug|Any CPU.ActiveCfg = Debug|Any CPU
		{E961A31F-D249-4C63-8731-C2540EF3C9D0}.Debug|Any CPU.Build.0 = Debug|Any CPU
		{E961A31F-D249-4C63-8731-C2540EF3C9D0}.Release|Any CPU.ActiveCfg = Release|Any CPU
		{E961A31F-D249-4C63-8731-C2540EF3C9D0}.Release|Any CPU.Build.0 = Release|Any CPU
		{F6FC45F1-0AB7-4EDF-9F47-23ECCA59D55E}.Debug|Any CPU.ActiveCfg = Debug|Any CPU
		{F6FC45F1-0AB7-4EDF-9F47-23ECCA59D55E}.Debug|Any CPU.Build.0 = Debug|Any CPU
		{F6FC45F1-0AB7-4EDF-9F47-23ECCA59D55E}.Release|Any CPU.ActiveCfg = Release|Any CPU
		{F6FC45F1-0AB7-4EDF-9F47-23ECCA59D55E}.Release|Any CPU.Build.0 = Release|Any CPU
		{FD97D2E7-AA24-4B03-8874-F1883B438E84}.Debug|Any CPU.ActiveCfg = Debug|Any CPU
		{FD97D2E7-AA24-4B03-8874-F1883B438E84}.Debug|Any CPU.Build.0 = Debug|Any CPU
		{FD97D2E7-AA24-4B03-8874-F1883B438E84}.Release|Any CPU.ActiveCfg = Release|Any CPU
		{FD97D2E7-AA24-4B03-8874-F1883B438E84}.Release|Any CPU.Build.0 = Release|Any CPU
		{393CF223-D4D7-47A2-BD8D-3154C6DE4FA4}.Debug|Any CPU.ActiveCfg = Debug|Any CPU
		{393CF223-D4D7-47A2-BD8D-3154C6DE4FA4}.Debug|Any CPU.Build.0 = Debug|Any CPU
		{393CF223-D4D7-47A2-BD8D-3154C6DE4FA4}.Release|Any CPU.ActiveCfg = Release|Any CPU
		{393CF223-D4D7-47A2-BD8D-3154C6DE4FA4}.Release|Any CPU.Build.0 = Release|Any CPU
		{0A633962-2F4F-4F0F-82CA-A3620D115BCE}.Debug|Any CPU.ActiveCfg = Debug|Any CPU
		{0A633962-2F4F-4F0F-82CA-A3620D115BCE}.Debug|Any CPU.Build.0 = Debug|Any CPU
		{0A633962-2F4F-4F0F-82CA-A3620D115BCE}.Release|Any CPU.ActiveCfg = Release|Any CPU
		{0A633962-2F4F-4F0F-82CA-A3620D115BCE}.Release|Any CPU.Build.0 = Release|Any CPU
		{276331B8-2757-40D2-9742-C170516D6762}.Debug|Any CPU.ActiveCfg = Debug|Any CPU
		{276331B8-2757-40D2-9742-C170516D6762}.Debug|Any CPU.Build.0 = Debug|Any CPU
		{276331B8-2757-40D2-9742-C170516D6762}.Release|Any CPU.ActiveCfg = Release|Any CPU
		{276331B8-2757-40D2-9742-C170516D6762}.Release|Any CPU.Build.0 = Release|Any CPU
		{612209D8-F1A3-4419-A92A-6DCA7D3F5396}.Debug|Any CPU.ActiveCfg = Debug|Any CPU
		{612209D8-F1A3-4419-A92A-6DCA7D3F5396}.Debug|Any CPU.Build.0 = Debug|Any CPU
		{612209D8-F1A3-4419-A92A-6DCA7D3F5396}.Release|Any CPU.ActiveCfg = Release|Any CPU
		{612209D8-F1A3-4419-A92A-6DCA7D3F5396}.Release|Any CPU.Build.0 = Release|Any CPU
		{01569EBE-CE25-4396-9874-2DBDFE9CD409}.Debug|Any CPU.ActiveCfg = Debug|Any CPU
		{01569EBE-CE25-4396-9874-2DBDFE9CD409}.Debug|Any CPU.Build.0 = Debug|Any CPU
		{01569EBE-CE25-4396-9874-2DBDFE9CD409}.Release|Any CPU.ActiveCfg = Release|Any CPU
		{01569EBE-CE25-4396-9874-2DBDFE9CD409}.Release|Any CPU.Build.0 = Release|Any CPU
		{6636C621-D67E-49BE-BE04-24DFE371C67C}.Debug|Any CPU.ActiveCfg = Debug|Any CPU
		{6636C621-D67E-49BE-BE04-24DFE371C67C}.Debug|Any CPU.Build.0 = Debug|Any CPU
		{6636C621-D67E-49BE-BE04-24DFE371C67C}.Release|Any CPU.ActiveCfg = Release|Any CPU
		{6636C621-D67E-49BE-BE04-24DFE371C67C}.Release|Any CPU.Build.0 = Release|Any CPU
		{3479C556-BE81-46B1-8E86-582005DE52A6}.Debug|Any CPU.ActiveCfg = Debug|Any CPU
		{3479C556-BE81-46B1-8E86-582005DE52A6}.Debug|Any CPU.Build.0 = Debug|Any CPU
		{3479C556-BE81-46B1-8E86-582005DE52A6}.Release|Any CPU.ActiveCfg = Release|Any CPU
		{3479C556-BE81-46B1-8E86-582005DE52A6}.Release|Any CPU.Build.0 = Release|Any CPU
		{32085D98-ED25-49E4-B3C6-A292F21C3FC0}.Debug|Any CPU.ActiveCfg = Debug|Any CPU
		{32085D98-ED25-49E4-B3C6-A292F21C3FC0}.Debug|Any CPU.Build.0 = Debug|Any CPU
		{32085D98-ED25-49E4-B3C6-A292F21C3FC0}.Release|Any CPU.ActiveCfg = Release|Any CPU
		{32085D98-ED25-49E4-B3C6-A292F21C3FC0}.Release|Any CPU.Build.0 = Release|Any CPU
		{3319A221-27D6-4596-9AFA-AFACD0FF1D25}.Debug|Any CPU.ActiveCfg = Debug|Any CPU
		{3319A221-27D6-4596-9AFA-AFACD0FF1D25}.Debug|Any CPU.Build.0 = Debug|Any CPU
		{3319A221-27D6-4596-9AFA-AFACD0FF1D25}.Release|Any CPU.ActiveCfg = Release|Any CPU
		{3319A221-27D6-4596-9AFA-AFACD0FF1D25}.Release|Any CPU.Build.0 = Release|Any CPU
		{E73A2DA5-D9D3-423B-92D7-DCBCCFF4E3CA}.Debug|Any CPU.ActiveCfg = Debug|Any CPU
		{E73A2DA5-D9D3-423B-92D7-DCBCCFF4E3CA}.Debug|Any CPU.Build.0 = Debug|Any CPU
		{E73A2DA5-D9D3-423B-92D7-DCBCCFF4E3CA}.Release|Any CPU.ActiveCfg = Release|Any CPU
		{E73A2DA5-D9D3-423B-92D7-DCBCCFF4E3CA}.Release|Any CPU.Build.0 = Release|Any CPU
		{558D1FAC-1B39-4C62-B000-1F8F96ED8953}.Debug|Any CPU.ActiveCfg = Debug|Any CPU
		{558D1FAC-1B39-4C62-B000-1F8F96ED8953}.Debug|Any CPU.Build.0 = Debug|Any CPU
		{558D1FAC-1B39-4C62-B000-1F8F96ED8953}.Release|Any CPU.ActiveCfg = Release|Any CPU
		{558D1FAC-1B39-4C62-B000-1F8F96ED8953}.Release|Any CPU.Build.0 = Release|Any CPU
		{FD1CB92D-A94B-4A76-B7B0-F13D294E0F7B}.Debug|Any CPU.ActiveCfg = Debug|Any CPU
		{FD1CB92D-A94B-4A76-B7B0-F13D294E0F7B}.Debug|Any CPU.Build.0 = Debug|Any CPU
		{FD1CB92D-A94B-4A76-B7B0-F13D294E0F7B}.Release|Any CPU.ActiveCfg = Release|Any CPU
		{FD1CB92D-A94B-4A76-B7B0-F13D294E0F7B}.Release|Any CPU.Build.0 = Release|Any CPU
		{62716A00-12F5-4202-A9CA-E8EA187A985A}.Debug|Any CPU.ActiveCfg = Debug|Any CPU
		{62716A00-12F5-4202-A9CA-E8EA187A985A}.Debug|Any CPU.Build.0 = Debug|Any CPU
		{62716A00-12F5-4202-A9CA-E8EA187A985A}.Release|Any CPU.ActiveCfg = Release|Any CPU
		{62716A00-12F5-4202-A9CA-E8EA187A985A}.Release|Any CPU.Build.0 = Release|Any CPU
		{57E1325E-CD0D-4E4F-A5F6-2D3EE816AB10}.Debug|Any CPU.ActiveCfg = Debug|Any CPU
		{57E1325E-CD0D-4E4F-A5F6-2D3EE816AB10}.Debug|Any CPU.Build.0 = Debug|Any CPU
		{57E1325E-CD0D-4E4F-A5F6-2D3EE816AB10}.Release|Any CPU.ActiveCfg = Release|Any CPU
		{57E1325E-CD0D-4E4F-A5F6-2D3EE816AB10}.Release|Any CPU.Build.0 = Release|Any CPU
	EndGlobalSection
	GlobalSection(SolutionProperties) = preSolution
		HideSolutionNode = FALSE
	EndGlobalSection
	GlobalSection(ExtensibilityGlobals) = postSolution
		SolutionGuid = {CD3E399B-244F-4AAF-B01F-A30505EFE1DA}
	EndGlobalSection
EndGlobal
